// !$*UTF8*$!
{
	archiveVersion = 1;
	classes = {
	};
	objectVersion = 46;
	objects = {

/* Begin PBXBuildFile section */
		929F150213F1D27A0021F9FD /* BHDraggableImageViewAppDelegate.m in Sources */ = {isa = PBXBuildFile; fileRef = 929F14F713F1D27A0021F9FD /* BHDraggableImageViewAppDelegate.m */; };
		929F150313F1D27A0021F9FD /* Credits.rtf in Resources */ = {isa = PBXBuildFile; fileRef = 929F14F813F1D27A0021F9FD /* Credits.rtf */; };
		929F150413F1D27A0021F9FD /* InfoPlist.strings in Resources */ = {isa = PBXBuildFile; fileRef = 929F14FA13F1D27A0021F9FD /* InfoPlist.strings */; };
		929F150513F1D27A0021F9FD /* MainMenu.xib in Resources */ = {isa = PBXBuildFile; fileRef = 929F14FC13F1D27A0021F9FD /* MainMenu.xib */; };
		929F150713F1D27A0021F9FD /* main.m in Sources */ = {isa = PBXBuildFile; fileRef = 929F150113F1D27A0021F9FD /* main.m */; };
		929F150913F1D3A60021F9FD /* feather.jpg in Resources */ = {isa = PBXBuildFile; fileRef = 929F150813F1D3A60021F9FD /* feather.jpg */; };
		929F150C13F1D4320021F9FD /* BHDraggableImageView.m in Sources */ = {isa = PBXBuildFile; fileRef = 929F150B13F1D4320021F9FD /* BHDraggableImageView.m */; };
		929F150E13F1D61C0021F9FD /* readme.md in Resources */ = {isa = PBXBuildFile; fileRef = 929F150D13F1D61C0021F9FD /* readme.md */; };
		92B9DA6C13F1D1A5002F144D /* Cocoa.framework in Frameworks */ = {isa = PBXBuildFile; fileRef = 92B9DA6B13F1D1A5002F144D /* Cocoa.framework */; };
/* End PBXBuildFile section */

/* Begin PBXFileReference section */
		929F14F613F1D27A0021F9FD /* BHDraggableImageViewAppDelegate.h */ = {isa = PBXFileReference; fileEncoding = 4; lastKnownFileType = sourcecode.c.h; path = BHDraggableImageViewAppDelegate.h; sourceTree = "<group>"; };
		929F14F713F1D27A0021F9FD /* BHDraggableImageViewAppDelegate.m */ = {isa = PBXFileReference; fileEncoding = 4; lastKnownFileType = sourcecode.c.objc; path = BHDraggableImageViewAppDelegate.m; sourceTree = "<group>"; };
		929F14F913F1D27A0021F9FD /* en */ = {isa = PBXFileReference; lastKnownFileType = text.rtf; name = en; path = en.lproj/Credits.rtf; sourceTree = "<group>"; };
		929F14FB13F1D27A0021F9FD /* en */ = {isa = PBXFileReference; lastKnownFileType = text.plist.strings; name = en; path = en.lproj/InfoPlist.strings; sourceTree = "<group>"; };
		929F14FD13F1D27A0021F9FD /* en */ = {isa = PBXFileReference; lastKnownFileType = file.xib; name = en; path = en.lproj/MainMenu.xib; sourceTree = "<group>"; };
		929F14FF13F1D27A0021F9FD /* BHDraggableImageView-Info.plist */ = {isa = PBXFileReference; fileEncoding = 4; lastKnownFileType = text.plist.xml; path = "BHDraggableImageView-Info.plist"; sourceTree = "<group>"; };
		929F150013F1D27A0021F9FD /* BHDraggableImageView-Prefix.pch */ = {isa = PBXFileReference; fileEncoding = 4; lastKnownFileType = sourcecode.c.h; path = "BHDraggableImageView-Prefix.pch"; sourceTree = "<group>"; };
		929F150113F1D27A0021F9FD /* main.m */ = {isa = PBXFileReference; fileEncoding = 4; lastKnownFileType = sourcecode.c.objc; path = main.m; sourceTree = "<group>"; };
		929F150813F1D3A60021F9FD /* feather.jpg */ = {isa = PBXFileReference; lastKnownFileType = image.jpeg; path = feather.jpg; sourceTree = "<group>"; };
		929F150A13F1D4320021F9FD /* BHDraggableImageView.h */ = {isa = PBXFileReference; fileEncoding = 4; lastKnownFileType = sourcecode.c.h; path = BHDraggableImageView.h; sourceTree = "<group>"; };
		929F150B13F1D4320021F9FD /* BHDraggableImageView.m */ = {isa = PBXFileReference; fileEncoding = 4; lastKnownFileType = sourcecode.c.objc; path = BHDraggableImageView.m; sourceTree = "<group>"; };
		929F150D13F1D61C0021F9FD /* readme.md */ = {isa = PBXFileReference; fileEncoding = 4; lastKnownFileType = text; path = readme.md; sourceTree = "<group>"; };
		92B9DA6713F1D1A5002F144D /* BHDraggableImageView.app */ = {isa = PBXFileReference; explicitFileType = wrapper.application; includeInIndex = 0; path = BHDraggableImageView.app; sourceTree = BUILT_PRODUCTS_DIR; };
		92B9DA6B13F1D1A5002F144D /* Cocoa.framework */ = {isa = PBXFileReference; lastKnownFileType = wrapper.framework; name = Cocoa.framework; path = System/Library/Frameworks/Cocoa.framework; sourceTree = SDKROOT; };
		92B9DA6E13F1D1A5002F144D /* AppKit.framework */ = {isa = PBXFileReference; lastKnownFileType = wrapper.framework; name = AppKit.framework; path = System/Library/Frameworks/AppKit.framework; sourceTree = SDKROOT; };
		92B9DA6F13F1D1A5002F144D /* CoreData.framework */ = {isa = PBXFileReference; lastKnownFileType = wrapper.framework; name = CoreData.framework; path = System/Library/Frameworks/CoreData.framework; sourceTree = SDKROOT; };
		92B9DA7013F1D1A5002F144D /* Foundation.framework */ = {isa = PBXFileReference; lastKnownFileType = wrapper.framework; name = Foundation.framework; path = System/Library/Frameworks/Foundation.framework; sourceTree = SDKROOT; };
/* End PBXFileReference section */

/* Begin PBXFrameworksBuildPhase section */
		92B9DA6413F1D1A5002F144D /* Frameworks */ = {
			isa = PBXFrameworksBuildPhase;
			buildActionMask = 2147483647;
			files = (
				92B9DA6C13F1D1A5002F144D /* Cocoa.framework in Frameworks */,
			);
			runOnlyForDeploymentPostprocessing = 0;
		};
/* End PBXFrameworksBuildPhase section */

/* Begin PBXGroup section */
		929F14F413F1D27A0021F9FD /* BHDraggableImageView */ = {
			isa = PBXGroup;
			children = (
				929F150A13F1D4320021F9FD /* BHDraggableImageView.h */,
				929F150B13F1D4320021F9FD /* BHDraggableImageView.m */,
			);
			path = BHDraggableImageView;
			sourceTree = "<group>";
		};
		929F14F513F1D27A0021F9FD /* Other Classes */ = {
			isa = PBXGroup;
			children = (
				929F14F613F1D27A0021F9FD /* BHDraggableImageViewAppDelegate.h */,
				929F14F713F1D27A0021F9FD /* BHDraggableImageViewAppDelegate.m */,
				929F14F813F1D27A0021F9FD /* Credits.rtf */,
				929F14FA13F1D27A0021F9FD /* InfoPlist.strings */,
				929F14FC13F1D27A0021F9FD /* MainMenu.xib */,
			);
			path = "Other Classes";
			sourceTree = "<group>";
		};
		929F14FE13F1D27A0021F9FD /* Other Sources */ = {
			isa = PBXGroup;
			children = (
				929F150813F1D3A60021F9FD /* feather.jpg */,
				929F14FF13F1D27A0021F9FD /* BHDraggableImageView-Info.plist */,
				929F150013F1D27A0021F9FD /* BHDraggableImageView-Prefix.pch */,
				929F150113F1D27A0021F9FD /* main.m */,
			);
			path = "Other Sources";
			sourceTree = "<group>";
		};
		92B9DA5C13F1D1A5002F144D = {
			isa = PBXGroup;
			children = (
				929F150D13F1D61C0021F9FD /* readme.md */,
				929F14F413F1D27A0021F9FD /* BHDraggableImageView */,
				929F14F513F1D27A0021F9FD /* Other Classes */,
				929F14FE13F1D27A0021F9FD /* Other Sources */,
				92B9DA6A13F1D1A5002F144D /* Frameworks */,
				92B9DA6813F1D1A5002F144D /* Products */,
			);
			sourceTree = "<group>";
		};
		92B9DA6813F1D1A5002F144D /* Products */ = {
			isa = PBXGroup;
			children = (
				92B9DA6713F1D1A5002F144D /* BHDraggableImageView.app */,
			);
			name = Products;
			sourceTree = "<group>";
		};
		92B9DA6A13F1D1A5002F144D /* Frameworks */ = {
			isa = PBXGroup;
			children = (
				92B9DA6B13F1D1A5002F144D /* Cocoa.framework */,
				92B9DA6D13F1D1A5002F144D /* Other Frameworks */,
			);
			name = Frameworks;
			sourceTree = "<group>";
		};
		92B9DA6D13F1D1A5002F144D /* Other Frameworks */ = {
			isa = PBXGroup;
			children = (
				92B9DA6E13F1D1A5002F144D /* AppKit.framework */,
				92B9DA6F13F1D1A5002F144D /* CoreData.framework */,
				92B9DA7013F1D1A5002F144D /* Foundation.framework */,
			);
			name = "Other Frameworks";
			sourceTree = "<group>";
		};
/* End PBXGroup section */

/* Begin PBXNativeTarget section */
		92B9DA6613F1D1A5002F144D /* BHDraggableImageView */ = {
			isa = PBXNativeTarget;
			buildConfigurationList = 92B9DA8513F1D1A5002F144D /* Build configuration list for PBXNativeTarget "BHDraggableImageView" */;
			buildPhases = (
				92B9DA6313F1D1A5002F144D /* Sources */,
				92B9DA6413F1D1A5002F144D /* Frameworks */,
				92B9DA6513F1D1A5002F144D /* Resources */,
			);
			buildRules = (
			);
			dependencies = (
			);
			name = BHDraggableImageView;
			productName = BHDraggableImageView;
			productReference = 92B9DA6713F1D1A5002F144D /* BHDraggableImageView.app */;
			productType = "com.apple.product-type.application";
		};
/* End PBXNativeTarget section */

/* Begin PBXProject section */
		92B9DA5E13F1D1A5002F144D /* Project object */ = {
			isa = PBXProject;
			attributes = {
				ORGANIZATIONNAME = "St. Andrews KY16 9XW";
			};
			buildConfigurationList = 92B9DA6113F1D1A5002F144D /* Build configuration list for PBXProject "BHDraggableImageView" */;
			compatibilityVersion = "Xcode 3.2";
			developmentRegion = English;
			hasScannedForEncodings = 0;
			knownRegions = (
				en,
			);
			mainGroup = 92B9DA5C13F1D1A5002F144D;
			productRefGroup = 92B9DA6813F1D1A5002F144D /* Products */;
			projectDirPath = "";
			projectRoot = "";
			targets = (
				92B9DA6613F1D1A5002F144D /* BHDraggableImageView */,
			);
		};
/* End PBXProject section */

/* Begin PBXResourcesBuildPhase section */
		92B9DA6513F1D1A5002F144D /* Resources */ = {
			isa = PBXResourcesBuildPhase;
			buildActionMask = 2147483647;
			files = (
				929F150313F1D27A0021F9FD /* Credits.rtf in Resources */,
				929F150413F1D27A0021F9FD /* InfoPlist.strings in Resources */,
				929F150513F1D27A0021F9FD /* MainMenu.xib in Resources */,
				929F150913F1D3A60021F9FD /* feather.jpg in Resources */,
				929F150E13F1D61C0021F9FD /* readme.md in Resources */,
			);
			runOnlyForDeploymentPostprocessing = 0;
		};
/* End PBXResourcesBuildPhase section */

/* Begin PBXSourcesBuildPhase section */
		92B9DA6313F1D1A5002F144D /* Sources */ = {
			isa = PBXSourcesBuildPhase;
			buildActionMask = 2147483647;
			files = (
				929F150213F1D27A0021F9FD /* BHDraggableImageViewAppDelegate.m in Sources */,
				929F150713F1D27A0021F9FD /* main.m in Sources */,
				929F150C13F1D4320021F9FD /* BHDraggableImageView.m in Sources */,
			);
			runOnlyForDeploymentPostprocessing = 0;
		};
/* End PBXSourcesBuildPhase section */

/* Begin PBXVariantGroup section */
		929F14F813F1D27A0021F9FD /* Credits.rtf */ = {
			isa = PBXVariantGroup;
			children = (
				929F14F913F1D27A0021F9FD /* en */,
			);
			name = Credits.rtf;
			sourceTree = "<group>";
		};
		929F14FA13F1D27A0021F9FD /* InfoPlist.strings */ = {
			isa = PBXVariantGroup;
			children = (
				929F14FB13F1D27A0021F9FD /* en */,
			);
			name = InfoPlist.strings;
			sourceTree = "<group>";
		};
		929F14FC13F1D27A0021F9FD /* MainMenu.xib */ = {
			isa = PBXVariantGroup;
			children = (
				929F14FD13F1D27A0021F9FD /* en */,
			);
			name = MainMenu.xib;
			sourceTree = "<group>";
		};
/* End PBXVariantGroup section */

/* Begin XCBuildConfiguration section */
		92B9DA8313F1D1A5002F144D /* Debug */ = {
			isa = XCBuildConfiguration;
			buildSettings = {
				ARCHS = "$(ARCHS_STANDARD_32_64_BIT)";
				GCC_C_LANGUAGE_STANDARD = gnu99;
				GCC_OPTIMIZATION_LEVEL = 0;
				GCC_PREPROCESSOR_DEFINITIONS = DEBUG;
				GCC_SYMBOLS_PRIVATE_EXTERN = NO;
				GCC_VERSION = com.apple.compilers.llvm.clang.1_0;
				GCC_WARN_64_TO_32_BIT_CONVERSION = YES;
				GCC_WARN_ABOUT_RETURN_TYPE = YES;
				GCC_WARN_UNUSED_VARIABLE = YES;
				MACOSX_DEPLOYMENT_TARGET = 10.6;
				ONLY_ACTIVE_ARCH = YES;
				SDKROOT = macosx;
			};
			name = Debug;
		};
		92B9DA8413F1D1A5002F144D /* Release */ = {
			isa = XCBuildConfiguration;
			buildSettings = {
				ARCHS = "$(ARCHS_STANDARD_32_64_BIT)";
				GCC_C_LANGUAGE_STANDARD = gnu99;
				GCC_VERSION = com.apple.compilers.llvm.clang.1_0;
				GCC_WARN_64_TO_32_BIT_CONVERSION = YES;
				GCC_WARN_ABOUT_RETURN_TYPE = YES;
				GCC_WARN_UNUSED_VARIABLE = YES;
				MACOSX_DEPLOYMENT_TARGET = 10.6;
				SDKROOT = macosx;
			};
			name = Release;
		};
		92B9DA8613F1D1A5002F144D /* Debug */ = {
			isa = XCBuildConfiguration;
			buildSettings = {
				ALWAYS_SEARCH_USER_PATHS = NO;
				ARCHS = "$(ARCHS_STANDARD_32_64_BIT)";
				COPY_PHASE_STRIP = NO;
				GCC_DYNAMIC_NO_PIC = NO;
				GCC_ENABLE_OBJC_EXCEPTIONS = YES;
				GCC_ENABLE_OBJC_GC = supported;
				GCC_PRECOMPILE_PREFIX_HEADER = YES;
				GCC_PREFIX_HEADER = "Other Sources/BHDraggableImageView-Prefix.pch";
				INFOPLIST_FILE = "Other Sources/BHDraggableImageView-Info.plist";
				PRODUCT_NAME = "$(TARGET_NAME)";
				WRAPPER_EXTENSION = app;
			};
			name = Debug;
		};
		92B9DA8713F1D1A5002F144D /* Release */ = {
			isa = XCBuildConfiguration;
			buildSettings = {
				ALWAYS_SEARCH_USER_PATHS = NO;
				ARCHS = "$(ARCHS_STANDARD_32_64_BIT)";
				COPY_PHASE_STRIP = YES;
				DEBUG_INFORMATION_FORMAT = "dwarf-with-dsym";
				GCC_ENABLE_OBJC_EXCEPTIONS = YES;
				GCC_ENABLE_OBJC_GC = supported;
				GCC_PRECOMPILE_PREFIX_HEADER = YES;
				GCC_PREFIX_HEADER = "Other Sources/BHDraggableImageView-Prefix.pch";
				INFOPLIST_FILE = "Other Sources/BHDraggableImageView-Info.plist";
				PRODUCT_NAME = "$(TARGET_NAME)";
				WRAPPER_EXTENSION = app;
			};
			name = Release;
		};
/* End XCBuildConfiguration section */

/* Begin XCConfigurationList section */
		92B9DA6113F1D1A5002F144D /* Build configuration list for PBXProject "BHDraggableImageView" */ = {
			isa = XCConfigurationList;
			buildConfigurations = (
				92B9DA8313F1D1A5002F144D /* Debug */,
				92B9DA8413F1D1A5002F144D /* Release */,
			);
			defaultConfigurationIsVisible = 0;
			defaultConfigurationName = Release;
		};
		92B9DA8513F1D1A5002F144D /* Build configuration list for PBXNativeTarget "BHDraggableImageView" */ = {
			isa = XCConfigurationList;
			buildConfigurations = (
				92B9DA8613F1D1A5002F144D /* Debug */,
				92B9DA8713F1D1A5002F144D /* Release */,
			);
			defaultConfigurationIsVisible = 0;
			defaultConfigurationName = Release;
		};
/* End XCConfigurationList section */
	};
	rootObject = 92B9DA5E13F1D1A5002F144D /* Project object */;
}
